
Microsoft Visual Studio Solution File, Format Version 12.00
# Visual Studio 15
Project("{FAE04EC0-301F-11D3-BF4B-00C04F79EFBC}") = "vegashooter", "Assembly-CSharp.csproj", "{55DF155B-1FCE-6164-9EF2-CEB0742289F8}"
EndProject
Project("{FAE04EC0-301F-11D3-BF4B-00C04F79EFBC}") = "vegashooter", "Assembly-CSharp-firstpass.csproj", "{6C7F735E-025A-F50E-500D-23860AAACB88}"
EndProject
Project("{FAE04EC0-301F-11D3-BF4B-00C04F79EFBC}") = "vegashooter", "Assembly-CSharp-Editor-firstpass.csproj", "{96EE59DD-58AE-0C5E-F8F3-89C8337A0409}"
EndProject
Project("{FAE04EC0-301F-11D3-BF4B-00C04F79EFBC}") = "vegashooter", "Assembly-CSharp-Editor.csproj", "{159A078D-0E1B-5C2C-5FB8-054397DCF65F}"
EndProject
Global
	GlobalSection(SolutionConfigurationPlatforms) = preSolution
		Debug|Any CPU = Debug|Any CPU
		Release|Any CPU = Release|Any CPU
	EndGlobalSection
	GlobalSection(ProjectConfigurationPlatforms) = postSolution
		{55DF155B-1FCE-6164-9EF2-CEB0742289F8}.Debug|Any CPU.ActiveCfg = Debug|Any CPU
		{55DF155B-1FCE-6164-9EF2-CEB0742289F8}.Debug|Any CPU.Build.0 = Debug|Any CPU
		{55DF155B-1FCE-6164-9EF2-CEB0742289F8}.Release|Any CPU.ActiveCfg = Release|Any CPU
		{55DF155B-1FCE-6164-9EF2-CEB0742289F8}.Release|Any CPU.Build.0 = Release|Any CPU
		{6C7F735E-025A-F50E-500D-23860AAACB88}.Debug|Any CPU.ActiveCfg = Debug|Any CPU
		{6C7F735E-025A-F50E-500D-23860AAACB88}.Debug|Any CPU.Build.0 = Debug|Any CPU
		{6C7F735E-025A-F50E-500D-23860AAACB88}.Release|Any CPU.ActiveCfg = Release|Any CPU
		{6C7F735E-025A-F50E-500D-23860AAACB88}.Release|Any CPU.Build.0 = Release|Any CPU
		{96EE59DD-58AE-0C5E-F8F3-89C8337A0409}.Debug|Any CPU.ActiveCfg = Debug|Any CPU
		{96EE59DD-58AE-0C5E-F8F3-89C8337A0409}.Debug|Any CPU.Build.0 = Debug|Any CPU
		{96EE59DD-58AE-0C5E-F8F3-89C8337A0409}.Release|Any CPU.ActiveCfg = Release|Any CPU
		{96EE59DD-58AE-0C5E-F8F3-89C8337A0409}.Release|Any CPU.Build.0 = Release|Any CPU
		{159A078D-0E1B-5C2C-5FB8-054397DCF65F}.Debug|Any CPU.ActiveCfg = Debug|Any CPU
		{159A078D-0E1B-5C2C-5FB8-054397DCF65F}.Debug|Any CPU.Build.0 = Debug|Any CPU
		{159A078D-0E1B-5C2C-5FB8-054397DCF65F}.Release|Any CPU.ActiveCfg = Release|Any CPU
		{159A078D-0E1B-5C2C-5FB8-054397DCF65F}.Release|Any CPU.Build.0 = Release|Any CPU
	EndGlobalSection
	GlobalSection(SolutionProperties) = preSolution
		HideSolutionNode = FALSE
	EndGlobalSection
EndGlobal
