
Microsoft Visual Studio Solution File, Format Version 12.00
# Visual Studio 15
Project("{FAE04EC0-301F-11D3-BF4B-00C04F79EFBC}") = "vegashooter", "vegashooter.csproj", "{24651FF4-45EE-587E-EF84-C5E9D1DC7A70}"
EndProject
Project("{FAE04EC0-301F-11D3-BF4B-00C04F79EFBC}") = "vegashooter.Plugins", "vegashooter.Plugins.csproj", "{0D1D8FE4-78C8-2063-4555-7C9759D75C9E}"
EndProject
Project("{FAE04EC0-301F-11D3-BF4B-00C04F79EFBC}") = "vegashooter.Editor.Plugins", "vegashooter.Editor.Plugins.csproj", "{A27AEA1F-6F6D-EEFC-2BC2-3FE311B9F4AE}"
EndProject
Global
	GlobalSection(SolutionConfigurationPlatforms) = preSolution
		Debug|Any CPU = Debug|Any CPU
		Release|Any CPU = Release|Any CPU
	EndGlobalSection
	GlobalSection(ProjectConfigurationPlatforms) = postSolution
		{24651FF4-45EE-587E-EF84-C5E9D1DC7A70}.Debug|Any CPU.ActiveCfg = Debug|Any CPU
		{24651FF4-45EE-587E-EF84-C5E9D1DC7A70}.Debug|Any CPU.Build.0 = Debug|Any CPU
		{24651FF4-45EE-587E-EF84-C5E9D1DC7A70}.Release|Any CPU.ActiveCfg = Release|Any CPU
		{24651FF4-45EE-587E-EF84-C5E9D1DC7A70}.Release|Any CPU.Build.0 = Release|Any CPU
		{0D1D8FE4-78C8-2063-4555-7C9759D75C9E}.Debug|Any CPU.ActiveCfg = Debug|Any CPU
		{0D1D8FE4-78C8-2063-4555-7C9759D75C9E}.Debug|Any CPU.Build.0 = Debug|Any CPU
		{0D1D8FE4-78C8-2063-4555-7C9759D75C9E}.Release|Any CPU.ActiveCfg = Release|Any CPU
		{0D1D8FE4-78C8-2063-4555-7C9759D75C9E}.Release|Any CPU.Build.0 = Release|Any CPU
		{A27AEA1F-6F6D-EEFC-2BC2-3FE311B9F4AE}.Debug|Any CPU.ActiveCfg = Debug|Any CPU
		{A27AEA1F-6F6D-EEFC-2BC2-3FE311B9F4AE}.Debug|Any CPU.Build.0 = Debug|Any CPU
		{A27AEA1F-6F6D-EEFC-2BC2-3FE311B9F4AE}.Release|Any CPU.ActiveCfg = Release|Any CPU
		{A27AEA1F-6F6D-EEFC-2BC2-3FE311B9F4AE}.Release|Any CPU.Build.0 = Release|Any CPU
	EndGlobalSection
	GlobalSection(SolutionProperties) = preSolution
		HideSolutionNode = FALSE
	EndGlobalSection
EndGlobal
